
Microsoft Visual Studio Solution File, Format Version 12.00
# Visual Studio Version 16
VisualStudioVersion = 16.0.31321.278
MinimumVisualStudioVersion = 10.0.40219.1
Project("{FAE04EC0-301F-11D3-BF4B-00C04F79EFBC}") = "HostedConsoleApp", "HostedConsoleApp\HostedConsoleApp.csproj", "{66A689C7-7864-4F28-AB08-1C672457CD34}"
EndProject
Global
	GlobalSection(SolutionConfigurationPlatforms) = preSolution
		Debug|Any CPU = Debug|Any CPU
		Release|Any CPU = Release|Any CPU
	EndGlobalSection
	GlobalSection(ProjectConfigurationPlatforms) = postSolution
		{66A689C7-7864-4F28-AB08-1C672457CD34}.Debug|Any CPU.ActiveCfg = Debug|Any CPU
		{66A689C7-7864-4F28-AB08-1C672457CD34}.Debug|Any CPU.Build.0 = Debug|Any CPU
		{66A689C7-7864-4F28-AB08-1C672457CD34}.Release|Any CPU.ActiveCfg = Release|Any CPU
		{66A689C7-7864-4F28-AB08-1C672457CD34}.Release|Any CPU.Build.0 = Release|Any CPU
	EndGlobalSection
	GlobalSection(SolutionProperties) = preSolution
		HideSolutionNode = FALSE
	EndGlobalSection
	GlobalSection(ExtensibilityGlobals) = postSolution
		SolutionGuid = {CECEE3B1-8B79-440B-AD8D-3AAEB36B3AA8}
	EndGlobalSection
EndGlobal
